github.com/BurntSushi/toml v0.3.1 h1:WXkYYl6Yr3qBf1K79EBnL4mak0OimBfB0XUf9Vl28OQ=
github.com/BurntSushi/toml v0.3.1/go.mod h1:xHWCNGjB5oqiDr8zfno3MHue2Ht5sIBksp03qcyfWMU=
github.com/davecgh/go-spew v1.1.1 h1:vj9j/u1bqnvCEfJOwUhtlOARqs3+rkHYY13jYWTU97c=
github.com/davecgh/go-spew v1.1.1/go.mod h1:J7Y8YcW2NihsgmVo/mv3lAwl/skON4iLHjSsI+c5H38=
github.com/davyxu/cellnet v0.0.0-20190604100602-2eb9724e702f h1:GTc1ZJYp7n0uSUeWnXHwEzWdGwJuNQZin6v9FQPr/eQ=
github.com/davyxu/cellnet v0.0.0-20190604100602-2eb9724e702f/go.mod h1:YyjRD4BinuDQmXWX7iHjPtnVf3qp2EzVN2/7P/8GKXE=
github.com/davyxu/golog v0.0.0-20190506093030-5febd4fd5c33 h1:C1+PpU6+x1PRBAC5O+3v9SnNCb6Ezj/ns1maePUPuUM=
github.com/davyxu/golog v0.0.0-20190506093030-5febd4fd5c33/go.mod h1:YwChkFY5dCYt77yuPlWjcR6KlWqVJNbz3WkwC/8WgQk=
github.com/davyxu/goobjfmt v0.0.0-20180817064625-baf5de0715b1 h1:urNxIzEtVBfreAYtgN5psxyhZDu/nhePQvzY2CR5Lfk=
github.com/davyxu/goobjfmt v0.0.0-20180817064625-baf5de0715b1/go.mod h1:KKrytCtCXny2sEg3ojQfJ4NThhBP8hKw/qM9vhDwgog=
github.com/davyxu/protoplus v0.0.0-20190604100650-d9e1f4bf3399 h1:Q2/urgotyevRstwkllLk6i/rY7mhlvYfWGB5k1Tb/G8=
github.com/davyxu/protoplus v0.0.0-20190604100650-d9e1f4bf3399/go.mod h1:WzmNYPvYsyks3G81jCJ/vGY2ljs49qFMfCmXGwvxFLA=
github.com/lxn/win v0.0.0-20190529120726-270e6e4be94d h1:SJyuddpDtiXMTcJmzC0OuphQdSZCabKW4iQWSE9FFR4=
github.com/lxn/win v0.0.0-20190529120726-270e6e4be94d/go.mod h1:oO6+4g3P1GcPAG7LPffwn8Ye0cxW0goh0sUZ6+lRFPs=
github.com/pelletier/go-toml v1.4.0 h1:u3Z1r+oOXJIkxqw34zVhyPgjBsm6X2wn21NWs/HfSeg=
github.com/pelletier/go-toml v1.4.0/go.mod h1:PN7xzY2wHTK0K9p34ErDQMlFxa51Fk0OUruD3k1mMwo=
golang.org/x/sys v0.0.0-20190602015325-4c4f7f33c9ed h1:uPxWBzB3+mlnjy9W58qY1j/cjyFjutgw/Vhan2zLy/A=
golang.org/x/sys v0.0.0-20190602015325-4c4f7f33c9ed/go.mod h1:h1NjWce9XRLGQEsW7wpKNCjG9DtNlClVuFLEZdDNbEs=
gopkg.in/Knetic/govaluate.v3 v3.0.0 h1:18mUyIt4ZlRlFZAAfVetz4/rzlJs9yhN+U02F4u1AOc=
gopkg.in/Knetic/govaluate.v3 v3.0.0/go.mod h1:csKLBORsPbafmSCGTEh3U7Ozmsuq8ZSIlKk1bcqph0E=
gopkg.in/check.v1 v0.0.0-20161208181325-20d25e280405 h1:yhCVgyC4o1eVCa2tZl7eS0r+SDo693bJlVdllGtEeKM=
gopkg.in/check.v1 v0.0.0-20161208181325-20d25e280405/go.mod h1:Co6ibVJAznAaIkqp8huTwlJQCZ016jof/cbN4VW5Yz0=
gopkg.in/yaml.v2 v2.2.2 h1:ZCJp+EgiOT7lHqUV2J862kp8Qj64Jo6az82+3Td9dZw=
gopkg.in/yaml.v2 v2.2.2/go.mod h1:hI93XBmqTisBFMUTm0b8Fm+jr3Dg1NNxqwp+5A1VGuI=
